
Microsoft Visual Studio Solution File, Format Version 12.00
# Visual Studio Version 16
VisualStudioVersion = 16.0.31112.23
MinimumVisualStudioVersion = 10.0.40219.1
Project("{8BC9CEB8-8B4A-11D0-8D11-00A0C91BC942}") = "Ch3HT1", "Ch3HT1\Ch3HT1.vcxproj", "{8DEB53B2-99C1-4C24-84E6-A62A13C50FBD}"
EndProject
Global
	GlobalSection(SolutionConfigurationPlatforms) = preSolution
		Debug|x64 = Debug|x64
		Release|x64 = Release|x64
	EndGlobalSection
	GlobalSection(ProjectConfigurationPlatforms) = postSolution
		{8DEB53B2-99C1-4C24-84E6-A62A13C50FBD}.Debug|x64.ActiveCfg = Debug|x64
		{8DEB53B2-99C1-4C24-84E6-A62A13C50FBD}.Debug|x64.Build.0 = Debug|x64
		{8DEB53B2-99C1-4C24-84E6-A62A13C50FBD}.Release|x64.ActiveCfg = Release|x64
		{8DEB53B2-99C1-4C24-84E6-A62A13C50FBD}.Release|x64.Build.0 = Release|x64
	EndGlobalSection
	GlobalSection(SolutionProperties) = preSolution
		HideSolutionNode = FALSE
	EndGlobalSection
	GlobalSection(ExtensibilityGlobals) = postSolution
		SolutionGuid = {E8A9CD26-511C-469B-BB77-B1835E07DA9F}
	EndGlobalSection
EndGlobal
